
Microsoft Visual Studio Solution File, Format Version 12.00
# Visual Studio Version 16
VisualStudioVersion = 16.0.30907.101
MinimumVisualStudioVersion = 10.0.40219.1
Project("{FAE04EC0-301F-11D3-BF4B-00C04F79EFBC}") = "RegisterNugetToOfflinePackages.App", "RegisterNugetToOfflinePackages.App\RegisterNugetToOfflinePackages.App.csproj", "{6012E987-84B7-49A2-B93E-09E45D7ADB39}"
EndProject
Global
	GlobalSection(SolutionConfigurationPlatforms) = preSolution
		Debug|Any CPU = Debug|Any CPU
		Release|Any CPU = Release|Any CPU
	EndGlobalSection
	GlobalSection(ProjectConfigurationPlatforms) = postSolution
		{6012E987-84B7-49A2-B93E-09E45D7ADB39}.Debug|Any CPU.ActiveCfg = Debug|Any CPU
		{6012E987-84B7-49A2-B93E-09E45D7ADB39}.Debug|Any CPU.Build.0 = Debug|Any CPU
		{6012E987-84B7-49A2-B93E-09E45D7ADB39}.Release|Any CPU.ActiveCfg = Release|Any CPU
		{6012E987-84B7-49A2-B93E-09E45D7ADB39}.Release|Any CPU.Build.0 = Release|Any CPU
	EndGlobalSection
	GlobalSection(SolutionProperties) = preSolution
		HideSolutionNode = FALSE
	EndGlobalSection
	GlobalSection(ExtensibilityGlobals) = postSolution
		SolutionGuid = {2A110C40-12E2-4CB2-8CFC-548131199956}
	EndGlobalSection
EndGlobal
